PODS:
  - AWSCognito (2.19.1):
    - AWSCore (= 2.19.1)
  - AWSCore (2.19.1)
  - AWSS3 (2.19.1):
    - AWSCore (= 2.19.1)
  - Stripe (21.11.1):
    - Stripe/Stripe3DS2 (= 21.11.1)
    - StripeCore (= 21.11.1)
    - StripeUICore (= 21.11.1)
  - Stripe/Stripe3DS2 (21.11.1):
    - StripeCore (= 21.11.1)
    - StripeUICore (= 21.11.1)
  - StripeCore (21.11.1)
  - StripeUICore (21.11.1):
    - StripeCore (= 21.11.1)

DEPENDENCIES:
  - AWSCognito
  - AWSCore
  - AWSS3
  - Stripe

SPEC REPOS:
  trunk:
    - AWSCognito
    - AWSCore
    - AWSS3
    - Stripe
    - StripeCore
    - StripeUICore

SPEC CHECKSUMS:
  AWSCognito: f50de600804941d083af37a7568905f31a774727
  AWSCore: 55c154ae27efc5c98bdc30a0eeea5a35d10a2ab5
  AWSS3: 2272253b098d07803af8dd20ce6ce7302bcffb47
  Stripe: f2bed8369154c35c8ec794704e042e05240d6f21
  StripeCore: 36571be19dae15e90c8ad47e1af45712aea93f5a
  StripeUICore: 1b32566d6a69581be786609a032872b0fb5a6823

PODFILE CHECKSUM: c150d7bd7ba0d4fcbbdd21a7dedc273228d2987b

COCOAPODS: 1.11.2
